
Microsoft Visual Studio Solution File, Format Version 12.00
# Visual Studio Version 17
VisualStudioVersion = 17.8.34322.80
MinimumVisualStudioVersion = 10.0.40219.1
Project("{FAE04EC0-301F-11D3-BF4B-00C04F79EFBC}") = "day6advcode2023", "day6advcode2023\day6advcode2023.csproj", "{FFCEE4A6-F4DA-4A9F-AB54-EAA19BA6795C}"
EndProject
Global
	GlobalSection(SolutionConfigurationPlatforms) = preSolution
		Debug|Any CPU = Debug|Any CPU
		Release|Any CPU = Release|Any CPU
	EndGlobalSection
	GlobalSection(ProjectConfigurationPlatforms) = postSolution
		{FFCEE4A6-F4DA-4A9F-AB54-EAA19BA6795C}.Debug|Any CPU.ActiveCfg = Debug|Any CPU
		{FFCEE4A6-F4DA-4A9F-AB54-EAA19BA6795C}.Debug|Any CPU.Build.0 = Debug|Any CPU
		{FFCEE4A6-F4DA-4A9F-AB54-EAA19BA6795C}.Release|Any CPU.ActiveCfg = Release|Any CPU
		{FFCEE4A6-F4DA-4A9F-AB54-EAA19BA6795C}.Release|Any CPU.Build.0 = Release|Any CPU
	EndGlobalSection
	GlobalSection(SolutionProperties) = preSolution
		HideSolutionNode = FALSE
	EndGlobalSection
	GlobalSection(ExtensibilityGlobals) = postSolution
		SolutionGuid = {B02C93FB-9B3F-425A-A24F-B7C816C4936C}
	EndGlobalSection
EndGlobal
